
Microsoft Visual Studio Solution File, Format Version 12.00
# Visual Studio Version 17
VisualStudioVersion = 17.2.32516.85
MinimumVisualStudioVersion = 10.0.40219.1
Project("{9A19103F-16F7-4668-BE54-9A1E7A4F7556}") = "BeautySalonManage.WebApi", "BeautySalonManage.WebApi\BeautySalonManage.WebApi.csproj", "{DC69EAA7-D898-40E5-9DA2-831524522FFB}"
EndProject
Project("{9A19103F-16F7-4668-BE54-9A1E7A4F7556}") = "BeautySalonManage.Application", "BeautySalonManage.Application\BeautySalonManage.Application.csproj", "{AB4359D4-DF73-49DA-B6D6-2981E2BE759B}"
EndProject
Project("{9A19103F-16F7-4668-BE54-9A1E7A4F7556}") = "BeautySalonManage.Domain", "BeautySalonManage.Domain\BeautySalonManage.Domain.csproj", "{52FCFAA0-EA54-4F7A-9A94-F3E41A7B5601}"
EndProject
Project("{2150E333-8FDC-42A3-9474-1A3956D46DE8}") = "src", "src", "{866501E9-EC1D-417B-8E82-81D8CF4CEC7D}"
EndProject
Project("{9A19103F-16F7-4668-BE54-9A1E7A4F7556}") = "BeautySalonManage.Infrastructure", "BeautySalonManage.Infrastructure\BeautySalonManage.Infrastructure.csproj", "{F852F50C-551B-42CC-A4BA-9CAA900690C2}"
EndProject
Project("{2150E333-8FDC-42A3-9474-1A3956D46DE8}") = "Core", "Core", "{6FF62818-9992-431B-AD9E-1F1F452B4AB4}"
EndProject
Project("{2150E333-8FDC-42A3-9474-1A3956D46DE8}") = "Infrastructure", "Infrastructure", "{3BB228C8-607D-4AE9-B2FD-26D855FB2DCD}"
EndProject
Project("{2150E333-8FDC-42A3-9474-1A3956D46DE8}") = "Api", "Api", "{F7633B63-628F-4D14-AA19-EC5B96FA7558}"
EndProject
Global
	GlobalSection(SolutionConfigurationPlatforms) = preSolution
		Debug|Any CPU = Debug|Any CPU
		Release|Any CPU = Release|Any CPU
	EndGlobalSection
	GlobalSection(ProjectConfigurationPlatforms) = postSolution
		{DC69EAA7-D898-40E5-9DA2-831524522FFB}.Debug|Any CPU.ActiveCfg = Debug|Any CPU
		{DC69EAA7-D898-40E5-9DA2-831524522FFB}.Debug|Any CPU.Build.0 = Debug|Any CPU
		{DC69EAA7-D898-40E5-9DA2-831524522FFB}.Release|Any CPU.ActiveCfg = Release|Any CPU
		{DC69EAA7-D898-40E5-9DA2-831524522FFB}.Release|Any CPU.Build.0 = Release|Any CPU
		{AB4359D4-DF73-49DA-B6D6-2981E2BE759B}.Debug|Any CPU.ActiveCfg = Debug|Any CPU
		{AB4359D4-DF73-49DA-B6D6-2981E2BE759B}.Debug|Any CPU.Build.0 = Debug|Any CPU
		{AB4359D4-DF73-49DA-B6D6-2981E2BE759B}.Release|Any CPU.ActiveCfg = Release|Any CPU
		{AB4359D4-DF73-49DA-B6D6-2981E2BE759B}.Release|Any CPU.Build.0 = Release|Any CPU
		{52FCFAA0-EA54-4F7A-9A94-F3E41A7B5601}.Debug|Any CPU.ActiveCfg = Debug|Any CPU
		{52FCFAA0-EA54-4F7A-9A94-F3E41A7B5601}.Debug|Any CPU.Build.0 = Debug|Any CPU
		{52FCFAA0-EA54-4F7A-9A94-F3E41A7B5601}.Release|Any CPU.ActiveCfg = Release|Any CPU
		{52FCFAA0-EA54-4F7A-9A94-F3E41A7B5601}.Release|Any CPU.Build.0 = Release|Any CPU
		{F852F50C-551B-42CC-A4BA-9CAA900690C2}.Debug|Any CPU.ActiveCfg = Debug|Any CPU
		{F852F50C-551B-42CC-A4BA-9CAA900690C2}.Debug|Any CPU.Build.0 = Debug|Any CPU
		{F852F50C-551B-42CC-A4BA-9CAA900690C2}.Release|Any CPU.ActiveCfg = Release|Any CPU
		{F852F50C-551B-42CC-A4BA-9CAA900690C2}.Release|Any CPU.Build.0 = Release|Any CPU
	EndGlobalSection
	GlobalSection(SolutionProperties) = preSolution
		HideSolutionNode = FALSE
	EndGlobalSection
	GlobalSection(NestedProjects) = preSolution
		{DC69EAA7-D898-40E5-9DA2-831524522FFB} = {F7633B63-628F-4D14-AA19-EC5B96FA7558}
		{AB4359D4-DF73-49DA-B6D6-2981E2BE759B} = {6FF62818-9992-431B-AD9E-1F1F452B4AB4}
		{52FCFAA0-EA54-4F7A-9A94-F3E41A7B5601} = {6FF62818-9992-431B-AD9E-1F1F452B4AB4}
		{F852F50C-551B-42CC-A4BA-9CAA900690C2} = {3BB228C8-607D-4AE9-B2FD-26D855FB2DCD}
		{6FF62818-9992-431B-AD9E-1F1F452B4AB4} = {866501E9-EC1D-417B-8E82-81D8CF4CEC7D}
		{3BB228C8-607D-4AE9-B2FD-26D855FB2DCD} = {866501E9-EC1D-417B-8E82-81D8CF4CEC7D}
		{F7633B63-628F-4D14-AA19-EC5B96FA7558} = {866501E9-EC1D-417B-8E82-81D8CF4CEC7D}
	EndGlobalSection
	GlobalSection(ExtensibilityGlobals) = postSolution
		SolutionGuid = {91FD4BDE-5A42-4871-B5E4-9226454E9EE1}
	EndGlobalSection
EndGlobal
